
Microsoft Visual Studio Solution File, Format Version 12.00
# Visual Studio Version 16
VisualStudioVersion = 16.0.30114.105
MinimumVisualStudioVersion = 10.0.40219.1
Project("{FAE04EC0-301F-11D3-BF4B-00C04F79EFBC}") = "secure_password_store", "secure_password_store\secure_password_store.csproj", "{9AF83A35-8949-471B-8DA7-5326B112EE4F}"
EndProject
Global
	GlobalSection(SolutionConfigurationPlatforms) = preSolution
		Debug|Any CPU = Debug|Any CPU
		Release|Any CPU = Release|Any CPU
	EndGlobalSection
	GlobalSection(ProjectConfigurationPlatforms) = postSolution
		{9AF83A35-8949-471B-8DA7-5326B112EE4F}.Debug|Any CPU.ActiveCfg = Debug|Any CPU
		{9AF83A35-8949-471B-8DA7-5326B112EE4F}.Debug|Any CPU.Build.0 = Debug|Any CPU
		{9AF83A35-8949-471B-8DA7-5326B112EE4F}.Release|Any CPU.ActiveCfg = Release|Any CPU
		{9AF83A35-8949-471B-8DA7-5326B112EE4F}.Release|Any CPU.Build.0 = Release|Any CPU
	EndGlobalSection
	GlobalSection(SolutionProperties) = preSolution
		HideSolutionNode = FALSE
	EndGlobalSection
	GlobalSection(ExtensibilityGlobals) = postSolution
		SolutionGuid = {744010B4-C5F9-46C1-8452-3EB0C04E31F2}
	EndGlobalSection
EndGlobal
