
Microsoft Visual Studio Solution File, Format Version 12.00
# Visual Studio Version 16
VisualStudioVersion = 16.0.30104.148
MinimumVisualStudioVersion = 10.0.40219.1
Project("{FAE04EC0-301F-11D3-BF4B-00C04F79EFBC}") = "Event_Logger", "Event_Logger\Event_Logger.csproj", "{4C6F452D-656C-456D-8AD8-A6EE7E4EA662}"
EndProject
Global
	GlobalSection(SolutionConfigurationPlatforms) = preSolution
		Debug|Any CPU = Debug|Any CPU
		Release|Any CPU = Release|Any CPU
	EndGlobalSection
	GlobalSection(ProjectConfigurationPlatforms) = postSolution
		{4C6F452D-656C-456D-8AD8-A6EE7E4EA662}.Debug|Any CPU.ActiveCfg = Debug|Any CPU
		{4C6F452D-656C-456D-8AD8-A6EE7E4EA662}.Debug|Any CPU.Build.0 = Debug|Any CPU
		{4C6F452D-656C-456D-8AD8-A6EE7E4EA662}.Release|Any CPU.ActiveCfg = Release|Any CPU
		{4C6F452D-656C-456D-8AD8-A6EE7E4EA662}.Release|Any CPU.Build.0 = Release|Any CPU
	EndGlobalSection
	GlobalSection(SolutionProperties) = preSolution
		HideSolutionNode = FALSE
	EndGlobalSection
	GlobalSection(ExtensibilityGlobals) = postSolution
		SolutionGuid = {2DCDC503-D484-4ED8-9F2F-241D49E2FF79}
	EndGlobalSection
EndGlobal
