
Microsoft Visual Studio Solution File, Format Version 12.00
# Visual Studio Version 16
VisualStudioVersion = 16.0.30114.105
MinimumVisualStudioVersion = 10.0.40219.1
Project("{FAE04EC0-301F-11D3-BF4B-00C04F79EFBC}") = "betterlistview_example", "betterlistview_example\betterlistview_example.csproj", "{D1B53F31-21DD-4BE3-A556-49A56E5B6F9E}"
EndProject
Global
	GlobalSection(SolutionConfigurationPlatforms) = preSolution
		Debug|Any CPU = Debug|Any CPU
		Release|Any CPU = Release|Any CPU
	EndGlobalSection
	GlobalSection(ProjectConfigurationPlatforms) = postSolution
		{D1B53F31-21DD-4BE3-A556-49A56E5B6F9E}.Debug|Any CPU.ActiveCfg = Debug|Any CPU
		{D1B53F31-21DD-4BE3-A556-49A56E5B6F9E}.Debug|Any CPU.Build.0 = Debug|Any CPU
		{D1B53F31-21DD-4BE3-A556-49A56E5B6F9E}.Release|Any CPU.ActiveCfg = Release|Any CPU
		{D1B53F31-21DD-4BE3-A556-49A56E5B6F9E}.Release|Any CPU.Build.0 = Release|Any CPU
	EndGlobalSection
	GlobalSection(SolutionProperties) = preSolution
		HideSolutionNode = FALSE
	EndGlobalSection
	GlobalSection(ExtensibilityGlobals) = postSolution
		SolutionGuid = {37CB8F9A-333E-4B13-90EA-41A8E0FBC70B}
	EndGlobalSection
EndGlobal
