
Microsoft Visual Studio Solution File, Format Version 12.00
# Visual Studio Version 16
VisualStudioVersion = 16.0.31321.278
MinimumVisualStudioVersion = 10.0.40219.1
Project("{FAE04EC0-301F-11D3-BF4B-00C04F79EFBC}") = "quick1080ptest", "quick1080ptest\quick1080ptest.csproj", "{70BEE9DA-0E21-4879-8D08-70078E4CD4C0}"
EndProject
Global
	GlobalSection(SolutionConfigurationPlatforms) = preSolution
		Debug|Any CPU = Debug|Any CPU
		Release|Any CPU = Release|Any CPU
	EndGlobalSection
	GlobalSection(ProjectConfigurationPlatforms) = postSolution
		{70BEE9DA-0E21-4879-8D08-70078E4CD4C0}.Debug|Any CPU.ActiveCfg = Debug|Any CPU
		{70BEE9DA-0E21-4879-8D08-70078E4CD4C0}.Debug|Any CPU.Build.0 = Debug|Any CPU
		{70BEE9DA-0E21-4879-8D08-70078E4CD4C0}.Release|Any CPU.ActiveCfg = Release|Any CPU
		{70BEE9DA-0E21-4879-8D08-70078E4CD4C0}.Release|Any CPU.Build.0 = Release|Any CPU
	EndGlobalSection
	GlobalSection(SolutionProperties) = preSolution
		HideSolutionNode = FALSE
	EndGlobalSection
	GlobalSection(ExtensibilityGlobals) = postSolution
		SolutionGuid = {AE142E7D-A885-406C-82D8-F4B8A516CE49}
	EndGlobalSection
EndGlobal
