
Microsoft Visual Studio Solution File, Format Version 12.00
# Visual Studio Version 16
VisualStudioVersion = 16.0.31515.178
MinimumVisualStudioVersion = 10.0.40219.1
Project("{FAE04EC0-301F-11D3-BF4B-00C04F79EFBC}") = "Logs4NetExample", "Logs4NetExample\Logs4NetExample.csproj", "{08B3FE08-137F-4C79-B310-0E911C5B8A8E}"
EndProject
Global
	GlobalSection(SolutionConfigurationPlatforms) = preSolution
		Debug|Any CPU = Debug|Any CPU
		Release|Any CPU = Release|Any CPU
	EndGlobalSection
	GlobalSection(ProjectConfigurationPlatforms) = postSolution
		{08B3FE08-137F-4C79-B310-0E911C5B8A8E}.Debug|Any CPU.ActiveCfg = Debug|Any CPU
		{08B3FE08-137F-4C79-B310-0E911C5B8A8E}.Debug|Any CPU.Build.0 = Debug|Any CPU
		{08B3FE08-137F-4C79-B310-0E911C5B8A8E}.Release|Any CPU.ActiveCfg = Release|Any CPU
		{08B3FE08-137F-4C79-B310-0E911C5B8A8E}.Release|Any CPU.Build.0 = Release|Any CPU
	EndGlobalSection
	GlobalSection(SolutionProperties) = preSolution
		HideSolutionNode = FALSE
	EndGlobalSection
	GlobalSection(ExtensibilityGlobals) = postSolution
		SolutionGuid = {4CDCF6E5-3AF0-40AC-B974-22F14F09931D}
	EndGlobalSection
EndGlobal
