
Microsoft Visual Studio Solution File, Format Version 12.00
# Visual Studio Version 16
VisualStudioVersion = 16.0.31729.503
MinimumVisualStudioVersion = 10.0.40219.1
Project("{FAE04EC0-301F-11D3-BF4B-00C04F79EFBC}") = "HL2_Media", "HL2_Media\HL2_Media.csproj", "{0E734CE7-F74F-41F8-9DA9-0E406C7C5D60}"
EndProject
Global
	GlobalSection(SolutionConfigurationPlatforms) = preSolution
		Debug|Any CPU = Debug|Any CPU
		Release|Any CPU = Release|Any CPU
	EndGlobalSection
	GlobalSection(ProjectConfigurationPlatforms) = postSolution
		{0E734CE7-F74F-41F8-9DA9-0E406C7C5D60}.Debug|Any CPU.ActiveCfg = Debug|Any CPU
		{0E734CE7-F74F-41F8-9DA9-0E406C7C5D60}.Debug|Any CPU.Build.0 = Debug|Any CPU
		{0E734CE7-F74F-41F8-9DA9-0E406C7C5D60}.Release|Any CPU.ActiveCfg = Release|Any CPU
		{0E734CE7-F74F-41F8-9DA9-0E406C7C5D60}.Release|Any CPU.Build.0 = Release|Any CPU
	EndGlobalSection
	GlobalSection(SolutionProperties) = preSolution
		HideSolutionNode = FALSE
	EndGlobalSection
	GlobalSection(ExtensibilityGlobals) = postSolution
		SolutionGuid = {6DCC34D8-EB34-4FCE-BE4E-31B579C40486}
	EndGlobalSection
EndGlobal
