
Microsoft Visual Studio Solution File, Format Version 12.00
# Visual Studio Version 17
VisualStudioVersion = 17.1.32210.238
MinimumVisualStudioVersion = 10.0.40219.1
Project("{FAE04EC0-301F-11D3-BF4B-00C04F79EFBC}") = "Protobufexample", "Protobufexample\Protobufexample.csproj", "{2D2613A3-5BF2-4A60-AE03-D0EE6D7AC49F}"
EndProject
Global
	GlobalSection(SolutionConfigurationPlatforms) = preSolution
		Debug|Any CPU = Debug|Any CPU
		Release|Any CPU = Release|Any CPU
	EndGlobalSection
	GlobalSection(ProjectConfigurationPlatforms) = postSolution
		{2D2613A3-5BF2-4A60-AE03-D0EE6D7AC49F}.Debug|Any CPU.ActiveCfg = Debug|Any CPU
		{2D2613A3-5BF2-4A60-AE03-D0EE6D7AC49F}.Debug|Any CPU.Build.0 = Debug|Any CPU
		{2D2613A3-5BF2-4A60-AE03-D0EE6D7AC49F}.Release|Any CPU.ActiveCfg = Release|Any CPU
		{2D2613A3-5BF2-4A60-AE03-D0EE6D7AC49F}.Release|Any CPU.Build.0 = Release|Any CPU
	EndGlobalSection
	GlobalSection(SolutionProperties) = preSolution
		HideSolutionNode = FALSE
	EndGlobalSection
	GlobalSection(ExtensibilityGlobals) = postSolution
		SolutionGuid = {3CE200F7-754F-4B1A-8C83-CD837DDD3AC0}
	EndGlobalSection
EndGlobal
