
Microsoft Visual Studio Solution File, Format Version 12.00
# Visual Studio Version 17
VisualStudioVersion = 17.1.32328.378
MinimumVisualStudioVersion = 10.0.40219.1
Project("{FAE04EC0-301F-11D3-BF4B-00C04F79EFBC}") = "Playing_MP3", "Playing_MP3\Playing_MP3.csproj", "{C9F26FF8-9D8D-424C-A70A-088C5717746D}"
EndProject
Global
	GlobalSection(SolutionConfigurationPlatforms) = preSolution
		Debug|Any CPU = Debug|Any CPU
		Release|Any CPU = Release|Any CPU
	EndGlobalSection
	GlobalSection(ProjectConfigurationPlatforms) = postSolution
		{C9F26FF8-9D8D-424C-A70A-088C5717746D}.Debug|Any CPU.ActiveCfg = Debug|Any CPU
		{C9F26FF8-9D8D-424C-A70A-088C5717746D}.Debug|Any CPU.Build.0 = Debug|Any CPU
		{C9F26FF8-9D8D-424C-A70A-088C5717746D}.Release|Any CPU.ActiveCfg = Release|Any CPU
		{C9F26FF8-9D8D-424C-A70A-088C5717746D}.Release|Any CPU.Build.0 = Release|Any CPU
	EndGlobalSection
	GlobalSection(SolutionProperties) = preSolution
		HideSolutionNode = FALSE
	EndGlobalSection
	GlobalSection(ExtensibilityGlobals) = postSolution
		SolutionGuid = {206C82DC-E862-4A52-9B71-9867C6E7C591}
	EndGlobalSection
EndGlobal
