
Microsoft Visual Studio Solution File, Format Version 12.00
# Visual Studio Version 16
VisualStudioVersion = 16.0.30011.22
MinimumVisualStudioVersion = 10.0.40219.1
Project("{FAE04EC0-301F-11D3-BF4B-00C04F79EFBC}") = "WindowsFormsFluentFTP", "WindowsFormsFluentFTP\WindowsFormsFluentFTP.csproj", "{FF5C9507-4F01-4EEB-BBAB-4B050023DCEE}"
EndProject
Global
	GlobalSection(SolutionConfigurationPlatforms) = preSolution
		Debug|Any CPU = Debug|Any CPU
		Release|Any CPU = Release|Any CPU
	EndGlobalSection
	GlobalSection(ProjectConfigurationPlatforms) = postSolution
		{FF5C9507-4F01-4EEB-BBAB-4B050023DCEE}.Debug|Any CPU.ActiveCfg = Debug|Any CPU
		{FF5C9507-4F01-4EEB-BBAB-4B050023DCEE}.Debug|Any CPU.Build.0 = Debug|Any CPU
		{FF5C9507-4F01-4EEB-BBAB-4B050023DCEE}.Release|Any CPU.ActiveCfg = Release|Any CPU
		{FF5C9507-4F01-4EEB-BBAB-4B050023DCEE}.Release|Any CPU.Build.0 = Release|Any CPU
	EndGlobalSection
	GlobalSection(SolutionProperties) = preSolution
		HideSolutionNode = FALSE
	EndGlobalSection
	GlobalSection(ExtensibilityGlobals) = postSolution
		SolutionGuid = {C834E5A3-6390-4CAE-B6F1-C0A0C58F552F}
	EndGlobalSection
EndGlobal
