
Microsoft Visual Studio Solution File, Format Version 12.00
# Visual Studio Version 16
VisualStudioVersion = 16.0.30114.105
MinimumVisualStudioVersion = 10.0.40219.1
Project("{FAE04EC0-301F-11D3-BF4B-00C04F79EFBC}") = "vlc_t", "vlc_t\vlc_t.csproj", "{B5E5DCED-99BA-4ABC-A553-930A5CB79B49}"
EndProject
Global
	GlobalSection(SolutionConfigurationPlatforms) = preSolution
		Debug|Any CPU = Debug|Any CPU
		Release|Any CPU = Release|Any CPU
	EndGlobalSection
	GlobalSection(ProjectConfigurationPlatforms) = postSolution
		{B5E5DCED-99BA-4ABC-A553-930A5CB79B49}.Debug|Any CPU.ActiveCfg = Debug|Any CPU
		{B5E5DCED-99BA-4ABC-A553-930A5CB79B49}.Debug|Any CPU.Build.0 = Debug|Any CPU
		{B5E5DCED-99BA-4ABC-A553-930A5CB79B49}.Release|Any CPU.ActiveCfg = Release|Any CPU
		{B5E5DCED-99BA-4ABC-A553-930A5CB79B49}.Release|Any CPU.Build.0 = Release|Any CPU
	EndGlobalSection
	GlobalSection(SolutionProperties) = preSolution
		HideSolutionNode = FALSE
	EndGlobalSection
	GlobalSection(ExtensibilityGlobals) = postSolution
		SolutionGuid = {6A2B714C-9893-4289-884C-CCEA1C93320C}
	EndGlobalSection
EndGlobal
