
Microsoft Visual Studio Solution File, Format Version 12.00
# Visual Studio Version 16
VisualStudioVersion = 16.0.31729.503
MinimumVisualStudioVersion = 10.0.40219.1
Project("{FAE04EC0-301F-11D3-BF4B-00C04F79EFBC}") = "Winchester_Rangers", "Winchester_Rangers\Winchester_Rangers.csproj", "{FFC84FD9-864F-4D52-870A-48334748441A}"
EndProject
Global
	GlobalSection(SolutionConfigurationPlatforms) = preSolution
		Debug|Any CPU = Debug|Any CPU
		Release|Any CPU = Release|Any CPU
	EndGlobalSection
	GlobalSection(ProjectConfigurationPlatforms) = postSolution
		{FFC84FD9-864F-4D52-870A-48334748441A}.Debug|Any CPU.ActiveCfg = Debug|Any CPU
		{FFC84FD9-864F-4D52-870A-48334748441A}.Debug|Any CPU.Build.0 = Debug|Any CPU
		{FFC84FD9-864F-4D52-870A-48334748441A}.Release|Any CPU.ActiveCfg = Release|Any CPU
		{FFC84FD9-864F-4D52-870A-48334748441A}.Release|Any CPU.Build.0 = Release|Any CPU
	EndGlobalSection
	GlobalSection(SolutionProperties) = preSolution
		HideSolutionNode = FALSE
	EndGlobalSection
	GlobalSection(ExtensibilityGlobals) = postSolution
		SolutionGuid = {23C2A0B2-0F05-428D-8DEC-3CB64DB992F6}
	EndGlobalSection
EndGlobal
