
Microsoft Visual Studio Solution File, Format Version 12.00
# Visual Studio Version 16
VisualStudioVersion = 16.0.30114.105
MinimumVisualStudioVersion = 10.0.40219.1
Project("{FAE04EC0-301F-11D3-BF4B-00C04F79EFBC}") = "sqlite_example", "sqlite_example\sqlite_example.csproj", "{8A8FF3C7-CA31-48BD-99B6-090459BB46D9}"
EndProject
Project("{FAE04EC0-301F-11D3-BF4B-00C04F79EFBC}") = "sqlite_example_library", "sqlite_example_library\sqlite_example_library.csproj", "{8CB57D34-ACDA-4288-BAAA-2D4B7D7E7CFB}"
EndProject
Global
	GlobalSection(SolutionConfigurationPlatforms) = preSolution
		Debug|Any CPU = Debug|Any CPU
		Release|Any CPU = Release|Any CPU
	EndGlobalSection
	GlobalSection(ProjectConfigurationPlatforms) = postSolution
		{8A8FF3C7-CA31-48BD-99B6-090459BB46D9}.Debug|Any CPU.ActiveCfg = Debug|Any CPU
		{8A8FF3C7-CA31-48BD-99B6-090459BB46D9}.Debug|Any CPU.Build.0 = Debug|Any CPU
		{8A8FF3C7-CA31-48BD-99B6-090459BB46D9}.Release|Any CPU.ActiveCfg = Release|Any CPU
		{8A8FF3C7-CA31-48BD-99B6-090459BB46D9}.Release|Any CPU.Build.0 = Release|Any CPU
		{8CB57D34-ACDA-4288-BAAA-2D4B7D7E7CFB}.Debug|Any CPU.ActiveCfg = Debug|Any CPU
		{8CB57D34-ACDA-4288-BAAA-2D4B7D7E7CFB}.Debug|Any CPU.Build.0 = Debug|Any CPU
		{8CB57D34-ACDA-4288-BAAA-2D4B7D7E7CFB}.Release|Any CPU.ActiveCfg = Release|Any CPU
		{8CB57D34-ACDA-4288-BAAA-2D4B7D7E7CFB}.Release|Any CPU.Build.0 = Release|Any CPU
	EndGlobalSection
	GlobalSection(SolutionProperties) = preSolution
		HideSolutionNode = FALSE
	EndGlobalSection
	GlobalSection(ExtensibilityGlobals) = postSolution
		SolutionGuid = {7BC16AF9-9956-44A7-BE99-DFDEC13D6BEC}
	EndGlobalSection
EndGlobal
